
Microsoft Visual Studio Solution File, Format Version 12.00
# Visual Studio Version 17
VisualStudioVersion = 17.0.31903.59
MinimumVisualStudioVersion = 10.0.40219.1
Project("{2150E333-8FDC-42A3-9474-1A3956D46DE8}") = "src", "src", "{365C9D54-1593-482E-93F1-B9646FF9B563}"
EndProject
Project("{FAE04EC0-301F-11D3-BF4B-00C04F79EFBC}") = "Inventory.Management.WebApp", "src\Inventory.Management.WebApp\Inventory.Management.WebApp.csproj", "{75B8BEE0-DF67-41F5-9586-4AA26A27A29E}"
EndProject
Project("{FAE04EC0-301F-11D3-BF4B-00C04F79EFBC}") = "Inventory.Management.CoreBusiness", "src\Inventory.Management.CoreBusiness\Inventory.Management.CoreBusiness.csproj", "{EA11AEA3-7099-452B-BF31-3443CBA775A9}"
EndProject
Project("{FAE04EC0-301F-11D3-BF4B-00C04F79EFBC}") = "Inventory.Management.UseCases", "src\Inventory.Management.UseCases\Inventory.Management.UseCases.csproj", "{649AE256-84FB-40C4-9E84-30373734BAE5}"
EndProject
Project("{FAE04EC0-301F-11D3-BF4B-00C04F79EFBC}") = "Inventory.Management.Plugins", "src\Inventory.Management.Plugins\Inventory.Management.Plugins.csproj", "{447250B8-BF18-4BAF-9112-ADAAF4EABEB8}"
EndProject
Global
	GlobalSection(SolutionConfigurationPlatforms) = preSolution
		Debug|Any CPU = Debug|Any CPU
		Release|Any CPU = Release|Any CPU
	EndGlobalSection
	GlobalSection(SolutionProperties) = preSolution
		HideSolutionNode = FALSE
	EndGlobalSection
	GlobalSection(ProjectConfigurationPlatforms) = postSolution
		{75B8BEE0-DF67-41F5-9586-4AA26A27A29E}.Debug|Any CPU.ActiveCfg = Debug|Any CPU
		{75B8BEE0-DF67-41F5-9586-4AA26A27A29E}.Debug|Any CPU.Build.0 = Debug|Any CPU
		{75B8BEE0-DF67-41F5-9586-4AA26A27A29E}.Release|Any CPU.ActiveCfg = Release|Any CPU
		{75B8BEE0-DF67-41F5-9586-4AA26A27A29E}.Release|Any CPU.Build.0 = Release|Any CPU
		{EA11AEA3-7099-452B-BF31-3443CBA775A9}.Debug|Any CPU.ActiveCfg = Debug|Any CPU
		{EA11AEA3-7099-452B-BF31-3443CBA775A9}.Debug|Any CPU.Build.0 = Debug|Any CPU
		{EA11AEA3-7099-452B-BF31-3443CBA775A9}.Release|Any CPU.ActiveCfg = Release|Any CPU
		{EA11AEA3-7099-452B-BF31-3443CBA775A9}.Release|Any CPU.Build.0 = Release|Any CPU
		{649AE256-84FB-40C4-9E84-30373734BAE5}.Debug|Any CPU.ActiveCfg = Debug|Any CPU
		{649AE256-84FB-40C4-9E84-30373734BAE5}.Debug|Any CPU.Build.0 = Debug|Any CPU
		{649AE256-84FB-40C4-9E84-30373734BAE5}.Release|Any CPU.ActiveCfg = Release|Any CPU
		{649AE256-84FB-40C4-9E84-30373734BAE5}.Release|Any CPU.Build.0 = Release|Any CPU
		{447250B8-BF18-4BAF-9112-ADAAF4EABEB8}.Debug|Any CPU.ActiveCfg = Debug|Any CPU
		{447250B8-BF18-4BAF-9112-ADAAF4EABEB8}.Debug|Any CPU.Build.0 = Debug|Any CPU
		{447250B8-BF18-4BAF-9112-ADAAF4EABEB8}.Release|Any CPU.ActiveCfg = Release|Any CPU
		{447250B8-BF18-4BAF-9112-ADAAF4EABEB8}.Release|Any CPU.Build.0 = Release|Any CPU
	EndGlobalSection
	GlobalSection(NestedProjects) = preSolution
		{75B8BEE0-DF67-41F5-9586-4AA26A27A29E} = {365C9D54-1593-482E-93F1-B9646FF9B563}
		{EA11AEA3-7099-452B-BF31-3443CBA775A9} = {365C9D54-1593-482E-93F1-B9646FF9B563}
		{649AE256-84FB-40C4-9E84-30373734BAE5} = {365C9D54-1593-482E-93F1-B9646FF9B563}
		{447250B8-BF18-4BAF-9112-ADAAF4EABEB8} = {365C9D54-1593-482E-93F1-B9646FF9B563}
	EndGlobalSection
EndGlobal
